
Microsoft Visual Studio Solution File, Format Version 12.00
# Visual Studio Version 16
VisualStudioVersion = 16.0.29920.165
MinimumVisualStudioVersion = 10.0.40219.1
Project("{FAE04EC0-301F-11D3-BF4B-00C04F79EFBC}") = "ScriptRunner", "ScriptRunner.csproj", "{74768AF3-660B-492F-8721-0DBBD903CE70}"
EndProject
Global
	GlobalSection(SolutionConfigurationPlatforms) = preSolution
		Debug|Any CPU = Debug|Any CPU
		Release|Any CPU = Release|Any CPU
	EndGlobalSection
	GlobalSection(ProjectConfigurationPlatforms) = postSolution
		{74768AF3-660B-492F-8721-0DBBD903CE70}.Debug|Any CPU.ActiveCfg = Debug|Any CPU
		{74768AF3-660B-492F-8721-0DBBD903CE70}.Debug|Any CPU.Build.0 = Debug|Any CPU
		{74768AF3-660B-492F-8721-0DBBD903CE70}.Release|Any CPU.ActiveCfg = Release|Any CPU
		{74768AF3-660B-492F-8721-0DBBD903CE70}.Release|Any CPU.Build.0 = Release|Any CPU
	EndGlobalSection
	GlobalSection(SolutionProperties) = preSolution
		HideSolutionNode = FALSE
	EndGlobalSection
	GlobalSection(ExtensibilityGlobals) = postSolution
		SolutionGuid = {C141B120-73B9-40C3-9CBD-3021054CEC78}
	EndGlobalSection
EndGlobal
